// !$*UTF8*$!
{
	archiveVersion = 1;
	classes = {
	};
	objectVersion = 46;
	objects = {

/* Begin PBXBuildFile section */
		66B650361DBA0EC800B748A2 /* main.c in Sources */ = {isa = PBXBuildFile; fileRef = 66B650351DBA0EC800B748A2 /* main.c */; };
		66F8BEB01DBA59DD0040DD28 /* traitement-donnees.c in Sources */ = {isa = PBXBuildFile; fileRef = 66F8BEAE1DBA59DD0040DD28 /* traitement-donnees.c */; };
/* End PBXBuildFile section */

/* Begin PBXCopyFilesBuildPhase section */
		66B650301DBA0EC800B748A2 /* CopyFiles */ = {
			isa = PBXCopyFilesBuildPhase;
			buildActionMask = 2147483647;
			dstPath = /usr/share/man/man1/;
			dstSubfolderSpec = 0;
			files = (
			);
			runOnlyForDeploymentPostprocessing = 1;
		};
/* End PBXCopyFilesBuildPhase section */

/* Begin PBXFileReference section */
		66B650321DBA0EC800B748A2 /* Geoloc */ = {isa = PBXFileReference; explicitFileType = "compiled.mach-o.executable"; includeInIndex = 0; path = Geoloc; sourceTree = BUILT_PRODUCTS_DIR; };
		66B650351DBA0EC800B748A2 /* main.c */ = {isa = PBXFileReference; lastKnownFileType = sourcecode.c.c; lineEnding = 0; name = main.c; path = /Users/Quentin/Code/Geoloc/Geoloc/main.c; sourceTree = "<absolute>"; };
		66F8BEAE1DBA59DD0040DD28 /* traitement-donnees.c */ = {isa = PBXFileReference; fileEncoding = 4; lastKnownFileType = sourcecode.c.c; path = "traitement-donnees.c"; sourceTree = "<group>"; };
		66F8BEAF1DBA59DD0040DD28 /* traitement-donnees.h */ = {isa = PBXFileReference; fileEncoding = 4; lastKnownFileType = sourcecode.c.h; path = "traitement-donnees.h"; sourceTree = "<group>"; };
/* End PBXFileReference section */

/* Begin PBXFrameworksBuildPhase section */
		66B6502F1DBA0EC800B748A2 /* Frameworks */ = {
			isa = PBXFrameworksBuildPhase;
			buildActionMask = 2147483647;
			files = (
			);
			runOnlyForDeploymentPostprocessing = 0;
		};
/* End PBXFrameworksBuildPhase section */

/* Begin PBXGroup section */
		66B650291DBA0EC800B748A2 = {
			isa = PBXGroup;
			children = (
				66B650341DBA0EC800B748A2 /* Geoloc */,
				66B650331DBA0EC800B748A2 /* Products */,
			);
			sourceTree = "<group>";
		};
		66B650331DBA0EC800B748A2 /* Products */ = {
			isa = PBXGroup;
			children = (
				66B650321DBA0EC800B748A2 /* Geoloc */,
			);
			name = Products;
			sourceTree = "<group>";
		};
		66B650341DBA0EC800B748A2 /* Geoloc */ = {
			isa = PBXGroup;
			children = (
				66B650351DBA0EC800B748A2 /* main.c */,
				66F8BEB11DBA59E80040DD28 /* traitement-donnes */,
			);
			path = Geoloc;
			sourceTree = "<group>";
		};
		66F8BEB11DBA59E80040DD28 /* traitement-donnes */ = {
			isa = PBXGroup;
			children = (
				66F8BEAE1DBA59DD0040DD28 /* traitement-donnees.c */,
				66F8BEAF1DBA59DD0040DD28 /* traitement-donnees.h */,
			);
			name = "traitement-donnes";
			sourceTree = "<group>";
		};
/* End PBXGroup section */

/* Begin PBXNativeTarget section */
		66B650311DBA0EC800B748A2 /* Geoloc */ = {
			isa = PBXNativeTarget;
			buildConfigurationList = 66B650391DBA0EC800B748A2 /* Build configuration list for PBXNativeTarget "Geoloc" */;
			buildPhases = (
				66B6502E1DBA0EC800B748A2 /* Sources */,
				66B6502F1DBA0EC800B748A2 /* Frameworks */,
				66B650301DBA0EC800B748A2 /* CopyFiles */,
			);
			buildRules = (
			);
			dependencies = (
			);
			name = Geoloc;
			productName = Geoloc;
			productReference = 66B650321DBA0EC800B748A2 /* Geoloc */;
			productType = "com.apple.product-type.tool";
		};
/* End PBXNativeTarget section */

/* Begin PBXProject section */
		66B6502A1DBA0EC800B748A2 /* Project object */ = {
			isa = PBXProject;
			attributes = {
				LastUpgradeCheck = 0800;
				ORGANIZATIONNAME = "projet-geoloc";
				TargetAttributes = {
					66B650311DBA0EC800B748A2 = {
						CreatedOnToolsVersion = 8.0;
						DevelopmentTeam = 335428S85V;
						ProvisioningStyle = Automatic;
					};
				};
			};
			buildConfigurationList = 66B6502D1DBA0EC800B748A2 /* Build configuration list for PBXProject "Geoloc" */;
			compatibilityVersion = "Xcode 3.2";
			developmentRegion = English;
			hasScannedForEncodings = 0;
			knownRegions = (
				en,
			);
			mainGroup = 66B650291DBA0EC800B748A2;
			productRefGroup = 66B650331DBA0EC800B748A2 /* Products */;
			projectDirPath = "";
			projectRoot = "";
			targets = (
				66B650311DBA0EC800B748A2 /* Geoloc */,
			);
		};
/* End PBXProject section */

/* Begin PBXSourcesBuildPhase section */
		66B6502E1DBA0EC800B748A2 /* Sources */ = {
			isa = PBXSourcesBuildPhase;
			buildActionMask = 2147483647;
			files = (
				66B650361DBA0EC800B748A2 /* main.c in Sources */,
				66F8BEB01DBA59DD0040DD28 /* traitement-donnees.c in Sources */,
			);
			runOnlyForDeploymentPostprocessing = 0;
		};
/* End PBXSourcesBuildPhase section */

/* Begin XCBuildConfiguration section */
		66B650371DBA0EC800B748A2 /* Debug */ = {
			isa = XCBuildConfiguration;
			buildSettings = {
				ALWAYS_SEARCH_USER_PATHS = NO;
				CLANG_ANALYZER_NONNULL = YES;
				CLANG_CXX_LANGUAGE_STANDARD = "gnu++0x";
				CLANG_CXX_LIBRARY = "libc++";
				CLANG_ENABLE_MODULES = YES;
				CLANG_ENABLE_OBJC_ARC = YES;
				CLANG_WARN_BOOL_CONVERSION = YES;
				CLANG_WARN_CONSTANT_CONVERSION = YES;
				CLANG_WARN_DIRECT_OBJC_ISA_USAGE = YES_ERROR;
				CLANG_WARN_DOCUMENTATION_COMMENTS = YES;
				CLANG_WARN_EMPTY_BODY = YES;
				CLANG_WARN_ENUM_CONVERSION = YES;
				CLANG_WARN_INFINITE_RECURSION = YES;
				CLANG_WARN_INT_CONVERSION = YES;
				CLANG_WARN_OBJC_ROOT_CLASS = YES_ERROR;
				CLANG_WARN_SUSPICIOUS_MOVES = YES;
				CLANG_WARN_UNREACHABLE_CODE = YES;
				CLANG_WARN__DUPLICATE_METHOD_MATCH = YES;
				CODE_SIGN_IDENTITY = "-";
				COPY_PHASE_STRIP = NO;
				DEBUG_INFORMATION_FORMAT = dwarf;
				ENABLE_STRICT_OBJC_MSGSEND = YES;
				ENABLE_TESTABILITY = YES;
				GCC_C_LANGUAGE_STANDARD = gnu99;
				GCC_DYNAMIC_NO_PIC = NO;
				GCC_NO_COMMON_BLOCKS = YES;
				GCC_OPTIMIZATION_LEVEL = 0;
				GCC_PREPROCESSOR_DEFINITIONS = (
					"DEBUG=1",
					"$(inherited)",
				);
				GCC_WARN_64_TO_32_BIT_CONVERSION = YES;
				GCC_WARN_ABOUT_RETURN_TYPE = YES_ERROR;
				GCC_WARN_UNDECLARED_SELECTOR = YES;
				GCC_WARN_UNINITIALIZED_AUTOS = YES_AGGRESSIVE;
				GCC_WARN_UNUSED_FUNCTION = YES;
				GCC_WARN_UNUSED_VARIABLE = YES;
				MACOSX_DEPLOYMENT_TARGET = 10.12;
				MTL_ENABLE_DEBUG_INFO = YES;
				ONLY_ACTIVE_ARCH = YES;
				SDKROOT = macosx;
			};
			name = Debug;
		};
		66B650381DBA0EC800B748A2 /* Release */ = {
			isa = XCBuildConfiguration;
			buildSettings = {
				ALWAYS_SEARCH_USER_PATHS = NO;
				CLANG_ANALYZER_NONNULL = YES;
				CLANG_CXX_LANGUAGE_STANDARD = "gnu++0x";
				CLANG_CXX_LIBRARY = "libc++";
				CLANG_ENABLE_MODULES = YES;
				CLANG_ENABLE_OBJC_ARC = YES;
				CLANG_WARN_BOOL_CONVERSION = YES;
				CLANG_WARN_CONSTANT_CONVERSION = YES;
				CLANG_WARN_DIRECT_OBJC_ISA_USAGE = YES_ERROR;
				CLANG_WARN_DOCUMENTATION_COMMENTS = YES;
				CLANG_WARN_EMPTY_BODY = YES;
				CLANG_WARN_ENUM_CONVERSION = YES;
				CLANG_WARN_INFINITE_RECURSION = YES;
				CLANG_WARN_INT_CONVERSION = YES;
				CLANG_WARN_OBJC_ROOT_CLASS = YES_ERROR;
				CLANG_WARN_SUSPICIOUS_MOVES = YES;
				CLANG_WARN_UNREACHABLE_CODE = YES;
				CLANG_WARN__DUPLICATE_METHOD_MATCH = YES;
				CODE_SIGN_IDENTITY = "-";
				COPY_PHASE_STRIP = NO;
				DEBUG_INFORMATION_FORMAT = "dwarf-with-dsym";
				ENABLE_NS_ASSERTIONS = NO;
				ENABLE_STRICT_OBJC_MSGSEND = YES;
				GCC_C_LANGUAGE_STANDARD = gnu99;
				GCC_NO_COMMON_BLOCKS = YES;
				GCC_WARN_64_TO_32_BIT_CONVERSION = YES;
				GCC_WARN_ABOUT_RETURN_TYPE = YES_ERROR;
				GCC_WARN_UNDECLARED_SELECTOR = YES;
				GCC_WARN_UNINITIALIZED_AUTOS = YES_AGGRESSIVE;
				GCC_WARN_UNUSED_FUNCTION = YES;
				GCC_WARN_UNUSED_VARIABLE = YES;
				MACOSX_DEPLOYMENT_TARGET = 10.12;
				MTL_ENABLE_DEBUG_INFO = NO;
				SDKROOT = macosx;
			};
			name = Release;
		};
		66B6503A1DBA0EC800B748A2 /* Debug */ = {
			isa = XCBuildConfiguration;
			buildSettings = {
				ALWAYS_SEARCH_USER_PATHS = YES;
				DEVELOPMENT_TEAM = 335428S85V;
				HEADER_SEARCH_PATHS = "";
				"HEADER_SEARCH_PATHS[arch=*]" = (
					/opt/X11/include,
					"/Users/Quentin/gtk/inst/include/**",
				);
				LIBRARY_SEARCH_PATHS = (
					"$(inherited)",
					/usr/local/Cellar/cairo/1.14.6_1/lib,
				);
				PRODUCT_NAME = "$(TARGET_NAME)";
				"USER_HEADER_SEARCH_PATHS[arch=*]" = /Users/Quentin/gtk;
			};
			name = Debug;
		};
		66B6503B1DBA0EC800B748A2 /* Release */ = {
			isa = XCBuildConfiguration;
			buildSettings = {
				ALWAYS_SEARCH_USER_PATHS = YES;
				DEVELOPMENT_TEAM = 335428S85V;
				HEADER_SEARCH_PATHS = "";
				"HEADER_SEARCH_PATHS[arch=*]" = (
					"/opt/X11/include/**",
					"/Users/Quentin/gtk/inst/include/**",
				);
				LIBRARY_SEARCH_PATHS = (
					"$(inherited)",
					/usr/local/Cellar/cairo/1.14.6_1/lib,
				);
				PRODUCT_NAME = "$(TARGET_NAME)";
				USER_HEADER_SEARCH_PATHS = "";
				"USER_HEADER_SEARCH_PATHS[arch=*]" = /Users/Quentin/gtk;
			};
			name = Release;
		};
/* End XCBuildConfiguration section */

/* Begin XCConfigurationList section */
		66B6502D1DBA0EC800B748A2 /* Build configuration list for PBXProject "Geoloc" */ = {
			isa = XCConfigurationList;
			buildConfigurations = (
				66B650371DBA0EC800B748A2 /* Debug */,
				66B650381DBA0EC800B748A2 /* Release */,
			);
			defaultConfigurationIsVisible = 0;
			defaultConfigurationName = Release;
		};
		66B650391DBA0EC800B748A2 /* Build configuration list for PBXNativeTarget "Geoloc" */ = {
			isa = XCConfigurationList;
			buildConfigurations = (
				66B6503A1DBA0EC800B748A2 /* Debug */,
				66B6503B1DBA0EC800B748A2 /* Release */,
			);
			defaultConfigurationIsVisible = 0;
			defaultConfigurationName = Release;
		};
/* End XCConfigurationList section */
	};
	rootObject = 66B6502A1DBA0EC800B748A2 /* Project object */;
}
